// !$*UTF8*$!
{
	archiveVersion = 1;
	classes = {
	};
	objectVersion = 48;
	objects = {

/* Begin PBXBuildFile section */
		14EEAFCC20885D6B00B1CABF /* AppDelegate.swift in Sources */ = {isa = PBXBuildFile; fileRef = 14EEAFCB20885D6B00B1CABF /* AppDelegate.swift */; };
		14EEAFCE20885D6B00B1CABF /* ViewController.swift in Sources */ = {isa = PBXBuildFile; fileRef = 14EEAFCD20885D6B00B1CABF /* ViewController.swift */; };
		14EEAFD120885D6B00B1CABF /* Main.storyboard in Resources */ = {isa = PBXBuildFile; fileRef = 14EEAFCF20885D6B00B1CABF /* Main.storyboard */; };
		14EEAFD320885D6B00B1CABF /* Assets.xcassets in Resources */ = {isa = PBXBuildFile; fileRef = 14EEAFD220885D6B00B1CABF /* Assets.xcassets */; };
		14EEAFD620885D6B00B1CABF /* LaunchScreen.storyboard in Resources */ = {isa = PBXBuildFile; fileRef = 14EEAFD420885D6B00B1CABF /* LaunchScreen.storyboard */; };
/* End PBXBuildFile section */

/* Begin PBXFileReference section */
		14EEAFC820885D6B00B1CABF /* UIPikerview.app */ = {isa = PBXFileReference; explicitFileType = wrapper.application; includeInIndex = 0; path = UIPikerview.app; sourceTree = BUILT_PRODUCTS_DIR; };
		14EEAFCB20885D6B00B1CABF /* AppDelegate.swift */ = {isa = PBXFileReference; lastKnownFileType = sourcecode.swift; path = AppDelegate.swift; sourceTree = "<group>"; };
		14EEAFCD20885D6B00B1CABF /* ViewController.swift */ = {isa = PBXFileReference; lastKnownFileType = sourcecode.swift; path = ViewController.swift; sourceTree = "<group>"; };
		14EEAFD020885D6B00B1CABF /* Base */ = {isa = PBXFileReference; lastKnownFileType = file.storyboard; name = Base; path = Base.lproj/Main.storyboard; sourceTree = "<group>"; };
		14EEAFD220885D6B00B1CABF /* Assets.xcassets */ = {isa = PBXFileReference; lastKnownFileType = folder.assetcatalog; path = Assets.xcassets; sourceTree = "<group>"; };
		14EEAFD520885D6B00B1CABF /* Base */ = {isa = PBXFileReference; lastKnownFileType = file.storyboard; name = Base; path = Base.lproj/LaunchScreen.storyboard; sourceTree = "<group>"; };
		14EEAFD720885D6B00B1CABF /* Info.plist */ = {isa = PBXFileReference; lastKnownFileType = text.plist.xml; path = Info.plist; sourceTree = "<group>"; };
/* End PBXFileReference section */

/* Begin PBXFrameworksBuildPhase section */
		14EEAFC520885D6B00B1CABF /* Frameworks */ = {
			isa = PBXFrameworksBuildPhase;
			buildActionMask = 2147483647;
			files = (
			);
			runOnlyForDeploymentPostprocessing = 0;
		};
/* End PBXFrameworksBuildPhase section */

/* Begin PBXGroup section */
		14EEAFBF20885D6B00B1CABF = {
			isa = PBXGroup;
			children = (
				14EEAFCA20885D6B00B1CABF /* UIPikerview */,
				14EEAFC920885D6B00B1CABF /* Products */,
			);
			sourceTree = "<group>";
		};
		14EEAFC920885D6B00B1CABF /* Products */ = {
			isa = PBXGroup;
			children = (
				14EEAFC820885D6B00B1CABF /* UIPikerview.app */,
			);
			name = Products;
			sourceTree = "<group>";
		};
		14EEAFCA20885D6B00B1CABF /* UIPikerview */ = {
			isa = PBXGroup;
			children = (
				14EEAFCB20885D6B00B1CABF /* AppDelegate.swift */,
				14EEAFCD20885D6B00B1CABF /* ViewController.swift */,
				14EEAFCF20885D6B00B1CABF /* Main.storyboard */,
				14EEAFD220885D6B00B1CABF /* Assets.xcassets */,
				14EEAFD420885D6B00B1CABF /* LaunchScreen.storyboard */,
				14EEAFD720885D6B00B1CABF /* Info.plist */,
			);
			path = UIPikerview;
			sourceTree = "<group>";
		};
/* End PBXGroup section */

/* Begin PBXNativeTarget section */
		14EEAFC720885D6B00B1CABF /* UIPikerview */ = {
			isa = PBXNativeTarget;
			buildConfigurationList = 14EEAFDA20885D6B00B1CABF /* Build configuration list for PBXNativeTarget "UIPikerview" */;
			buildPhases = (
				14EEAFC420885D6B00B1CABF /* Sources */,
				14EEAFC520885D6B00B1CABF /* Frameworks */,
				14EEAFC620885D6B00B1CABF /* Resources */,
			);
			buildRules = (
			);
			dependencies = (
			);
			name = UIPikerview;
			productName = UIPikerview;
			productReference = 14EEAFC820885D6B00B1CABF /* UIPikerview.app */;
			productType = "com.apple.product-type.application";
		};
/* End PBXNativeTarget section */

/* Begin PBXProject section */
		14EEAFC020885D6B00B1CABF /* Project object */ = {
			isa = PBXProject;
			attributes = {
				LastSwiftUpdateCheck = 0920;
				LastUpgradeCheck = 0920;
				ORGANIZATIONNAME = ksh;
				TargetAttributes = {
					14EEAFC720885D6B00B1CABF = {
						CreatedOnToolsVersion = 9.2;
						ProvisioningStyle = Automatic;
					};
				};
			};
			buildConfigurationList = 14EEAFC320885D6B00B1CABF /* Build configuration list for PBXProject "UIPikerview" */;
			compatibilityVersion = "Xcode 8.0";
			developmentRegion = en;
			hasScannedForEncodings = 0;
			knownRegions = (
				en,
				Base,
			);
			mainGroup = 14EEAFBF20885D6B00B1CABF;
			productRefGroup = 14EEAFC920885D6B00B1CABF /* Products */;
			projectDirPath = "";
			projectRoot = "";
			targets = (
				14EEAFC720885D6B00B1CABF /* UIPikerview */,
			);
		};
/* End PBXProject section */

/* Begin PBXResourcesBuildPhase section */
		14EEAFC620885D6B00B1CABF /* Resources */ = {
			isa = PBXResourcesBuildPhase;
			buildActionMask = 2147483647;
			files = (
				14EEAFD620885D6B00B1CABF /* LaunchScreen.storyboard in Resources */,
				14EEAFD320885D6B00B1CABF /* Assets.xcassets in Resources */,
				14EEAFD120885D6B00B1CABF /* Main.storyboard in Resources */,
			);
			runOnlyForDeploymentPostprocessing = 0;
		};
/* End PBXResourcesBuildPhase section */

/* Begin PBXSourcesBuildPhase section */
		14EEAFC420885D6B00B1CABF /* Sources */ = {
			isa = PBXSourcesBuildPhase;
			buildActionMask = 2147483647;
			files = (
				14EEAFCE20885D6B00B1CABF /* ViewController.swift in Sources */,
				14EEAFCC20885D6B00B1CABF /* AppDelegate.swift in Sources */,
			);
			runOnlyForDeploymentPostprocessing = 0;
		};
/* End PBXSourcesBuildPhase section */

/* Begin PBXVariantGroup section */
		14EEAFCF20885D6B00B1CABF /* Main.storyboard */ = {
			isa = PBXVariantGroup;
			children = (
				14EEAFD020885D6B00B1CABF /* Base */,
			);
			name = Main.storyboard;
			sourceTree = "<group>";
		};
		14EEAFD420885D6B00B1CABF /* LaunchScreen.storyboard */ = {
			isa = PBXVariantGroup;
			children = (
				14EEAFD520885D6B00B1CABF /* Base */,
			);
			name = LaunchScreen.storyboard;
			sourceTree = "<group>";
		};
/* End PBXVariantGroup section */

/* Begin XCBuildConfiguration section */
		14EEAFD820885D6B00B1CABF /* Debug */ = {
			isa = XCBuildConfiguration;
			buildSettings = {
				ALWAYS_SEARCH_USER_PATHS = NO;
				CLANG_ANALYZER_NONNULL = YES;
				CLANG_ANALYZER_NUMBER_OBJECT_CONVERSION = YES_AGGRESSIVE;
				CLANG_CXX_LANGUAGE_STANDARD = "gnu++14";
				CLANG_CXX_LIBRARY = "libc++";
				CLANG_ENABLE_MODULES = YES;
				CLANG_ENABLE_OBJC_ARC = YES;
				CLANG_WARN_BLOCK_CAPTURE_AUTORELEASING = YES;
				CLANG_WARN_BOOL_CONVERSION = YES;
				CLANG_WARN_COMMA = YES;
				CLANG_WARN_CONSTANT_CONVERSION = YES;
				CLANG_WARN_DIRECT_OBJC_ISA_USAGE = YES_ERROR;
				CLANG_WARN_DOCUMENTATION_COMMENTS = YES;
				CLANG_WARN_EMPTY_BODY = YES;
				CLANG_WARN_ENUM_CONVERSION = YES;
				CLANG_WARN_INFINITE_RECURSION = YES;
				CLANG_WARN_INT_CONVERSION = YES;
				CLANG_WARN_NON_LITERAL_NULL_CONVERSION = YES;
				CLANG_WARN_OBJC_LITERAL_CONVERSION = YES;
				CLANG_WARN_OBJC_ROOT_CLASS = YES_ERROR;
				CLANG_WARN_RANGE_LOOP_ANALYSIS = YES;
				CLANG_WARN_STRICT_PROTOTYPES = YES;
				CLANG_WARN_SUSPICIOUS_MOVE = YES;
				CLANG_WARN_UNGUARDED_AVAILABILITY = YES_AGGRESSIVE;
				CLANG_WARN_UNREACHABLE_CODE = YES;
				CLANG_WARN__DUPLICATE_METHOD_MATCH = YES;
				CODE_SIGN_IDENTITY = "iPhone Developer";
				COPY_PHASE_STRIP = NO;
				DEBUG_INFORMATION_FORMAT = dwarf;
				ENABLE_STRICT_OBJC_MSGSEND = YES;
				ENABLE_TESTABILITY = YES;
				GCC_C_LANGUAGE_STANDARD = gnu11;
				GCC_DYNAMIC_NO_PIC = NO;
				GCC_NO_COMMON_BLOCKS = YES;
				GCC_OPTIMIZATION_LEVEL = 0;
				GCC_PREPROCESSOR_DEFINITIONS = (
					"DEBUG=1",
					"$(inherited)",
				);
				GCC_WARN_64_TO_32_BIT_CONVERSION = YES;
				GCC_WARN_ABOUT_RETURN_TYPE = YES_ERROR;
				GCC_WARN_UNDECLARED_SELECTOR = YES;
				GCC_WARN_UNINITIALIZED_AUTOS = YES_AGGRESSIVE;
				GCC_WARN_UNUSED_FUNCTION = YES;
				GCC_WARN_UNUSED_VARIABLE = YES;
				IPHONEOS_DEPLOYMENT_TARGET = 11.2;
				MTL_ENABLE_DEBUG_INFO = YES;
				ONLY_ACTIVE_ARCH = YES;
				SDKROOT = iphoneos;
				SWIFT_ACTIVE_COMPILATION_CONDITIONS = DEBUG;
				SWIFT_OPTIMIZATION_LEVEL = "-Onone";
			};
			name = Debug;
		};
		14EEAFD920885D6B00B1CABF /* Release */ = {
			isa = XCBuildConfiguration;
			buildSettings = {
				ALWAYS_SEARCH_USER_PATHS = NO;
				CLANG_ANALYZER_NONNULL = YES;
				CLANG_ANALYZER_NUMBER_OBJECT_CONVERSION = YES_AGGRESSIVE;
				CLANG_CXX_LANGUAGE_STANDARD = "gnu++14";
				CLANG_CXX_LIBRARY = "libc++";
				CLANG_ENABLE_MODULES = YES;
				CLANG_ENABLE_OBJC_ARC = YES;
				CLANG_WARN_BLOCK_CAPTURE_AUTORELEASING = YES;
				CLANG_WARN_BOOL_CONVERSION = YES;
				CLANG_WARN_COMMA = YES;
				CLANG_WARN_CONSTANT_CONVERSION = YES;
				CLANG_WARN_DIRECT_OBJC_ISA_USAGE = YES_ERROR;
				CLANG_WARN_DOCUMENTATION_COMMENTS = YES;
				CLANG_WARN_EMPTY_BODY = YES;
				CLANG_WARN_ENUM_CONVERSION = YES;
				CLANG_WARN_INFINITE_RECURSION = YES;
				CLANG_WARN_INT_CONVERSION = YES;
				CLANG_WARN_NON_LITERAL_NULL_CONVERSION = YES;
				CLANG_WARN_OBJC_LITERAL_CONVERSION = YES;
				CLANG_WARN_OBJC_ROOT_CLASS = YES_ERROR;
				CLANG_WARN_RANGE_LOOP_ANALYSIS = YES;
				CLANG_WARN_STRICT_PROTOTYPES = YES;
				CLANG_WARN_SUSPICIOUS_MOVE = YES;
				CLANG_WARN_UNGUARDED_AVAILABILITY = YES_AGGRESSIVE;
				CLANG_WARN_UNREACHABLE_CODE = YES;
				CLANG_WARN__DUPLICATE_METHOD_MATCH = YES;
				CODE_SIGN_IDENTITY = "iPhone Developer";
				COPY_PHASE_STRIP = NO;
				DEBUG_INFORMATION_FORMAT = "dwarf-with-dsym";
				ENABLE_NS_ASSERTIONS = NO;
				ENABLE_STRICT_OBJC_MSGSEND = YES;
				GCC_C_LANGUAGE_STANDARD = gnu11;
				GCC_NO_COMMON_BLOCKS = YES;
				GCC_WARN_64_TO_32_BIT_CONVERSION = YES;
				GCC_WARN_ABOUT_RETURN_TYPE = YES_ERROR;
				GCC_WARN_UNDECLARED_SELECTOR = YES;
				GCC_WARN_UNINITIALIZED_AUTOS = YES_AGGRESSIVE;
				GCC_WARN_UNUSED_FUNCTION = YES;
				GCC_WARN_UNUSED_VARIABLE = YES;
				IPHONEOS_DEPLOYMENT_TARGET = 11.2;
				MTL_ENABLE_DEBUG_INFO = NO;
				SDKROOT = iphoneos;
				SWIFT_OPTIMIZATION_LEVEL = "-Owholemodule";
				VALIDATE_PRODUCT = YES;
			};
			name = Release;
		};
		14EEAFDB20885D6B00B1CABF /* Debug */ = {
			isa = XCBuildConfiguration;
			buildSettings = {
				ASSETCATALOG_COMPILER_APPICON_NAME = AppIcon;
				CODE_SIGN_STYLE = Automatic;
				INFOPLIST_FILE = UIPikerview/Info.plist;
				LD_RUNPATH_SEARCH_PATHS = "$(inherited) @executable_path/Frameworks";
				PRODUCT_BUNDLE_IDENTIFIER = kr.ac.ditapps.UIPikerview;
				PRODUCT_NAME = "$(TARGET_NAME)";
				SWIFT_VERSION = 4.0;
				TARGETED_DEVICE_FAMILY = "1,2";
			};
			name = Debug;
		};
		14EEAFDC20885D6B00B1CABF /* Release */ = {
			isa = XCBuildConfiguration;
			buildSettings = {
				ASSETCATALOG_COMPILER_APPICON_NAME = AppIcon;
				CODE_SIGN_STYLE = Automatic;
				INFOPLIST_FILE = UIPikerview/Info.plist;
				LD_RUNPATH_SEARCH_PATHS = "$(inherited) @executable_path/Frameworks";
				PRODUCT_BUNDLE_IDENTIFIER = kr.ac.ditapps.UIPikerview;
				PRODUCT_NAME = "$(TARGET_NAME)";
				SWIFT_VERSION = 4.0;
				TARGETED_DEVICE_FAMILY = "1,2";
			};
			name = Release;
		};
/* End XCBuildConfiguration section */

/* Begin XCConfigurationList section */
		14EEAFC320885D6B00B1CABF /* Build configuration list for PBXProject "UIPikerview" */ = {
			isa = XCConfigurationList;
			buildConfigurations = (
				14EEAFD820885D6B00B1CABF /* Debug */,
				14EEAFD920885D6B00B1CABF /* Release */,
			);
			defaultConfigurationIsVisible = 0;
			defaultConfigurationName = Release;
		};
		14EEAFDA20885D6B00B1CABF /* Build configuration list for PBXNativeTarget "UIPikerview" */ = {
			isa = XCConfigurationList;
			buildConfigurations = (
				14EEAFDB20885D6B00B1CABF /* Debug */,
				14EEAFDC20885D6B00B1CABF /* Release */,
			);
			defaultConfigurationIsVisible = 0;
			defaultConfigurationName = Release;
		};
/* End XCConfigurationList section */
	};
	rootObject = 14EEAFC020885D6B00B1CABF /* Project object */;
}
